
Microsoft Visual Studio Solution File, Format Version 12.00
# Visual Studio Version 16
VisualStudioVersion = 16.0.30621.155
MinimumVisualStudioVersion = 10.0.40219.1
Project("{9A19103F-16F7-4668-BE54-9A1E7A4F7556}") = "E-Invoice API", "E-Invoice API.csproj", "{2E93776B-9530-4F31-ABE2-24342BFD8363}"
EndProject
Project("{9A19103F-16F7-4668-BE54-9A1E7A4F7556}") = "E-Invoice API.Data", "..\E-Invoice API.Data\E-Invoice API.Data.csproj", "{4BBC8562-6356-4924-B840-30CBC761D4E4}"
EndProject
Project("{9A19103F-16F7-4668-BE54-9A1E7A4F7556}") = "E-Invoice API.Common", "..\E-Invoice API.Common\E-Invoice API.Common.csproj", "{76E5865E-E45D-430A-81C1-A245A88A58BC}"
EndProject
Project("{9A19103F-16F7-4668-BE54-9A1E7A4F7556}") = "E-Invoice API.Core", "..\E-Invoice API.Core\E-Invoice API.Core.csproj", "{E2C04F3D-2900-45FE-93B2-31F6F15CB1F9}"
EndProject
Project("{FAE04EC0-301F-11D3-BF4B-00C04F79EFBC}") = "E-Invoice API.Tests", "..\E-Invoice API.Tests\E-Invoice API.Tests.csproj", "{AD745172-B267-4939-B54B-F32B0A1C46E3}"
EndProject
Global
	GlobalSection(SolutionConfigurationPlatforms) = preSolution
		Debug|Any CPU = Debug|Any CPU
		Release|Any CPU = Release|Any CPU
	EndGlobalSection
	GlobalSection(ProjectConfigurationPlatforms) = postSolution
		{2E93776B-9530-4F31-ABE2-24342BFD8363}.Debug|Any CPU.ActiveCfg = Debug|Any CPU
		{2E93776B-9530-4F31-ABE2-24342BFD8363}.Debug|Any CPU.Build.0 = Debug|Any CPU
		{2E93776B-9530-4F31-ABE2-24342BFD8363}.Release|Any CPU.ActiveCfg = Release|Any CPU
		{2E93776B-9530-4F31-ABE2-24342BFD8363}.Release|Any CPU.Build.0 = Release|Any CPU
		{4BBC8562-6356-4924-B840-30CBC761D4E4}.Debug|Any CPU.ActiveCfg = Debug|Any CPU
		{4BBC8562-6356-4924-B840-30CBC761D4E4}.Debug|Any CPU.Build.0 = Debug|Any CPU
		{4BBC8562-6356-4924-B840-30CBC761D4E4}.Release|Any CPU.ActiveCfg = Release|Any CPU
		{4BBC8562-6356-4924-B840-30CBC761D4E4}.Release|Any CPU.Build.0 = Release|Any CPU
		{76E5865E-E45D-430A-81C1-A245A88A58BC}.Debug|Any CPU.ActiveCfg = Debug|Any CPU
		{76E5865E-E45D-430A-81C1-A245A88A58BC}.Debug|Any CPU.Build.0 = Debug|Any CPU
		{76E5865E-E45D-430A-81C1-A245A88A58BC}.Release|Any CPU.ActiveCfg = Release|Any CPU
		{76E5865E-E45D-430A-81C1-A245A88A58BC}.Release|Any CPU.Build.0 = Release|Any CPU
		{E2C04F3D-2900-45FE-93B2-31F6F15CB1F9}.Debug|Any CPU.ActiveCfg = Debug|Any CPU
		{E2C04F3D-2900-45FE-93B2-31F6F15CB1F9}.Debug|Any CPU.Build.0 = Debug|Any CPU
		{E2C04F3D-2900-45FE-93B2-31F6F15CB1F9}.Release|Any CPU.ActiveCfg = Release|Any CPU
		{E2C04F3D-2900-45FE-93B2-31F6F15CB1F9}.Release|Any CPU.Build.0 = Release|Any CPU
		{AD745172-B267-4939-B54B-F32B0A1C46E3}.Debug|Any CPU.ActiveCfg = Debug|Any CPU
		{AD745172-B267-4939-B54B-F32B0A1C46E3}.Debug|Any CPU.Build.0 = Debug|Any CPU
		{AD745172-B267-4939-B54B-F32B0A1C46E3}.Release|Any CPU.ActiveCfg = Release|Any CPU
		{AD745172-B267-4939-B54B-F32B0A1C46E3}.Release|Any CPU.Build.0 = Release|Any CPU
	EndGlobalSection
	GlobalSection(SolutionProperties) = preSolution
		HideSolutionNode = FALSE
	EndGlobalSection
	GlobalSection(ExtensibilityGlobals) = postSolution
		SolutionGuid = {275082EA-224D-48DA-B363-BDF41ABDDD74}
	EndGlobalSection
EndGlobal
